# THIS IS AN AUTOGENERATED FILE. DO NOT EDIT THIS FILE DIRECTLY.
# yarn lockfile v1


"@types/babel-types@*", "@types/babel-types@^7.0.0":
  version "7.0.2"
  resolved "https://registry.npmjs.org/@types/babel-types/-/babel-types-7.0.2.tgz#63dc3e5e7f6367e1819d2bba5213783cd926c5d5"

"@types/babylon@^6.16.2":
  version "6.16.2"
  resolved "https://registry.npmjs.org/@types/babylon/-/babylon-6.16.2.tgz#062ce63b693d9af1c246f5aedf928bc9c30589c8"
  dependencies:
    "@types/babel-types" "*"

accepts@^1.2.2:
  version "1.3.5"
  resolved "https://registry.npmjs.org/accepts/-/accepts-1.3.5.tgz#eb777df6011723a3b14e8a72c0805c8e86746bd2"
  dependencies:
    mime-types "~2.1.18"
    negotiator "0.6.1"

acorn-globals@^3.0.0:
  version "3.1.0"
  resolved "https://registry.npmjs.org/acorn-globals/-/acorn-globals-3.1.0.tgz#fd8270f71fbb4996b004fa880ee5d46573a731bf"
  dependencies:
    acorn "^4.0.4"

acorn@^3.1.0:
  version "3.3.0"
  resolved "https://registry.npmjs.org/acorn/-/acorn-3.3.0.tgz#45e37fb39e8da3f25baee3ff5369e2bb5f22017a"

acorn@^4.0.4, acorn@~4.0.2:
  version "4.0.13"
  resolved "https://registry.npmjs.org/acorn/-/acorn-4.0.13.tgz#105495ae5361d697bd195c825192e1ad7f253787"

align-text@^0.1.1, align-text@^0.1.3:
  version "0.1.4"
  resolved "https://registry.npmjs.org/align-text/-/align-text-0.1.4.tgz#0cd90a561093f35d0a99256c22b7069433fad117"
  dependencies:
    kind-of "^3.0.2"
    longest "^1.0.1"
    repeat-string "^1.5.2"

any-promise@^1.1.0:
  version "1.3.0"
  resolved "https://registry.npmjs.org/any-promise/-/any-promise-1.3.0.tgz#abc6afeedcea52e809cdc0376aed3ce39635d17f"

asap@~2.0.3:
  version "2.0.6"
  resolved "https://registry.npmjs.org/asap/-/asap-2.0.6.tgz#e50347611d7e690943208bbdafebcbc2fb866d46"

babel-runtime@^6.26.0:
  version "6.26.0"
  resolved "https://registry.npmjs.org/babel-runtime/-/babel-runtime-6.26.0.tgz#965c7058668e82b55d7bfe04ff2337bc8b5647fe"
  dependencies:
    core-js "^2.4.0"
    regenerator-runtime "^0.11.0"

babel-types@^6.26.0:
  version "6.26.0"
  resolved "https://registry.npmjs.org/babel-types/-/babel-types-6.26.0.tgz#a3b073f94ab49eb6fa55cd65227a334380632497"
  dependencies:
    babel-runtime "^6.26.0"
    esutils "^2.0.2"
    lodash "^4.17.4"
    to-fast-properties "^1.0.3"

babylon@^6.18.0:
  version "6.18.0"
  resolved "https://registry.npmjs.org/babylon/-/babylon-6.18.0.tgz#af2f3b88fa6f5c1e4c634d1a0f8eac4f55b395e3"

camelcase@^1.0.2:
  version "1.2.1"
  resolved "https://registry.npmjs.org/camelcase/-/camelcase-1.2.1.tgz#9bb5304d2e0b56698b2c758b08a3eaa9daa58a39"

center-align@^0.1.1:
  version "0.1.3"
  resolved "https://registry.npmjs.org/center-align/-/center-align-0.1.3.tgz#aa0d32629b6ee972200411cbd4461c907bc2b7ad"
  dependencies:
    align-text "^0.1.3"
    lazy-cache "^1.0.3"

character-parser@^2.1.1:
  version "2.2.0"
  resolved "https://registry.npmjs.org/character-parser/-/character-parser-2.2.0.tgz#c7ce28f36d4bcd9744e5ffc2c5fcde1c73261fc0"
  dependencies:
    is-regex "^1.0.3"

clean-css@^4.1.11:
  version "4.1.11"
  resolved "https://registry.npmjs.org/clean-css/-/clean-css-4.1.11.tgz#2ecdf145aba38f54740f26cefd0ff3e03e125d6a"
  dependencies:
    source-map "0.5.x"

cliui@^2.1.0:
  version "2.1.0"
  resolved "https://registry.npmjs.org/cliui/-/cliui-2.1.0.tgz#4b475760ff80264c762c3a1719032e91c7fea0d1"
  dependencies:
    center-align "^0.1.1"
    right-align "^0.1.1"
    wordwrap "0.0.2"

co@^4.6.0:
  version "4.6.0"
  resolved "https://registry.npmjs.org/co/-/co-4.6.0.tgz#6ea6bdf3d853ae54ccb8e47bfa0bf3f9031fb184"

constantinople@^3.0.1:
  version "3.1.2"
  resolved "https://registry.npmjs.org/constantinople/-/constantinople-3.1.2.tgz#d45ed724f57d3d10500017a7d3a889c1381ae647"
  dependencies:
    "@types/babel-types" "^7.0.0"
    "@types/babylon" "^6.16.2"
    babel-types "^6.26.0"
    babylon "^6.18.0"

content-disposition@~0.5.0:
  version "0.5.2"
  resolved "https://registry.npmjs.org/content-disposition/-/content-disposition-0.5.2.tgz#0cf68bb9ddf5f2be7961c3a85178cb85dba78cb4"

content-type@^1.0.0:
  version "1.0.4"
  resolved "https://registry.npmjs.org/content-type/-/content-type-1.0.4.tgz#e138cc75e040c727b1966fe5e5f8c9aee256fe3b"

cookies@~0.7.0:
  version "0.7.1"
  resolved "https://registry.npmjs.org/cookies/-/cookies-0.7.1.tgz#7c8a615f5481c61ab9f16c833731bcb8f663b99b"
  dependencies:
    depd "~1.1.1"
    keygrip "~1.0.2"

core-js@^2.4.0:
  version "2.5.6"
  resolved "https://registry.npmjs.org/core-js/-/core-js-2.5.6.tgz#0fe6d45bf3cac3ac364a9d72de7576f4eb221b9d"

debug@*:
  version "3.1.0"
  resolved "https://registry.npmjs.org/debug/-/debug-3.1.0.tgz#5bb5a0672628b64149566ba16819e61518c67261"
  dependencies:
    ms "2.0.0"

decamelize@^1.0.0:
  version "1.2.0"
  resolved "https://registry.npmjs.org/decamelize/-/decamelize-1.2.0.tgz#f6534d15148269b20352e7bee26f501f9a191290"

deep-equal@~1.0.1:
  version "1.0.1"
  resolved "https://registry.npmjs.org/deep-equal/-/deep-equal-1.0.1.tgz#f5d260292b660e084eff4cdbc9f08ad3247448b5"

delegates@^1.0.0:
  version "1.0.0"
  resolved "https://registry.npmjs.org/delegates/-/delegates-1.0.0.tgz#84c6e159b81904fdca59a0ef44cd870d31250f9a"

depd@^1.1.0, depd@~1.1.1, depd@~1.1.2:
  version "1.1.2"
  resolved "https://registry.npmjs.org/depd/-/depd-1.1.2.tgz#9bcd52e14c097763e749b274c4346ed2e560b5a9"

destroy@^1.0.3:
  version "1.0.4"
  resolved "https://registry.npmjs.org/destroy/-/destroy-1.0.4.tgz#978857442c44749e4206613e37946205826abd80"

doctypes@^1.1.0:
  version "1.1.0"
  resolved "https://registry.npmjs.org/doctypes/-/doctypes-1.1.0.tgz#ea80b106a87538774e8a3a4a5afe293de489e0a9"

ee-first@1.1.1:
  version "1.1.1"
  resolved "https://registry.npmjs.org/ee-first/-/ee-first-1.1.1.tgz#590c61156b0ae2f4f0255732a158b266bc56b21d"

ejs@^2.6.1:
  version "2.6.1"
  resolved "https://registry.npmjs.org/ejs/-/ejs-2.6.1.tgz#498ec0d495655abc6f23cd61868d926464071aa0"

error-inject@~1.0.0:
  version "1.0.0"
  resolved "https://registry.npmjs.org/error-inject/-/error-inject-1.0.0.tgz#e2b3d91b54aed672f309d950d154850fa11d4f37"

escape-html@~1.0.1:
  version "1.0.3"
  resolved "https://registry.npmjs.org/escape-html/-/escape-html-1.0.3.tgz#0258eae4d3d0c0974de1c169188ef0051d1d1988"

esutils@^2.0.2:
  version "2.0.2"
  resolved "https://registry.npmjs.org/esutils/-/esutils-2.0.2.tgz#0abf4f1caa5bcb1f7a9d8acc6dea4faaa04bac9b"

fresh@^0.5.2:
  version "0.5.2"
  resolved "https://registry.npmjs.org/fresh/-/fresh-0.5.2.tgz#3d8cadd90d976569fa835ab1f8e4b23a105605a7"

function-bind@^1.0.2:
  version "1.1.1"
  resolved "https://registry.npmjs.org/function-bind/-/function-bind-1.1.1.tgz#a56899d3ea3c9bab874bb9773b7c5ede92f4895d"

has@^1.0.1:
  version "1.0.1"
  resolved "https://registry.npmjs.org/has/-/has-1.0.1.tgz#8461733f538b0837c9361e39a9ab9e9704dc2f28"
  dependencies:
    function-bind "^1.0.2"

http-assert@^1.1.0:
  version "1.3.0"
  resolved "https://registry.npmjs.org/http-assert/-/http-assert-1.3.0.tgz#a31a5cf88c873ecbb5796907d4d6f132e8c01e4a"
  dependencies:
    deep-equal "~1.0.1"
    http-errors "~1.6.1"

http-errors@^1.2.8, http-errors@~1.6.1:
  version "1.6.3"
  resolved "https://registry.npmjs.org/http-errors/-/http-errors-1.6.3.tgz#8b55680bb4be283a0b5bf4ea2e38580be1d9320d"
  dependencies:
    depd "~1.1.2"
    inherits "2.0.3"
    setprototypeof "1.1.0"
    statuses ">= 1.4.0 < 2"

inherits@2.0.3:
  version "2.0.3"
  resolved "https://registry.npmjs.org/inherits/-/inherits-2.0.3.tgz#633c2c83e3da42a502f52466022480f4208261de"

is-buffer@^1.1.5:
  version "1.1.6"
  resolved "https://registry.npmjs.org/is-buffer/-/is-buffer-1.1.6.tgz#efaa2ea9daa0d7ab2ea13a97b2b8ad51fefbe8be"

is-expression@^3.0.0:
  version "3.0.0"
  resolved "https://registry.npmjs.org/is-expression/-/is-expression-3.0.0.tgz#39acaa6be7fd1f3471dc42c7416e61c24317ac9f"
  dependencies:
    acorn "~4.0.2"
    object-assign "^4.0.1"

is-generator-function@^1.0.3:
  version "1.0.7"
  resolved "https://registry.npmjs.org/is-generator-function/-/is-generator-function-1.0.7.tgz#d2132e529bb0000a7f80794d4bdf5cd5e5813522"

is-promise@^2.0.0:
  version "2.1.0"
  resolved "https://registry.npmjs.org/is-promise/-/is-promise-2.1.0.tgz#79a2a9ece7f096e80f36d2b2f3bc16c1ff4bf3fa"

is-regex@^1.0.3:
  version "1.0.4"
  resolved "https://registry.npmjs.org/is-regex/-/is-regex-1.0.4.tgz#5517489b547091b0930e095654ced25ee97e9491"
  dependencies:
    has "^1.0.1"

js-stringify@^1.0.1:
  version "1.0.2"
  resolved "https://registry.npmjs.org/js-stringify/-/js-stringify-1.0.2.tgz#1736fddfd9724f28a3682adc6230ae7e4e9679db"

jstransformer@1.0.0:
  version "1.0.0"
  resolved "https://registry.npmjs.org/jstransformer/-/jstransformer-1.0.0.tgz#ed8bf0921e2f3f1ed4d5c1a44f68709ed24722c3"
  dependencies:
    is-promise "^2.0.0"
    promise "^7.0.1"

keygrip@~1.0.2:
  version "1.0.2"
  resolved "https://registry.npmjs.org/keygrip/-/keygrip-1.0.2.tgz#ad3297c557069dea8bcfe7a4fa491b75c5ddeb91"

kind-of@^3.0.2:
  version "3.2.2"
  resolved "https://registry.npmjs.org/kind-of/-/kind-of-3.2.2.tgz#31ea21a734bab9bbb0f32466d893aea51e4a3c64"
  dependencies:
    is-buffer "^1.1.5"

koa-compose@^3.0.0:
  version "3.2.1"
  resolved "https://registry.npmjs.org/koa-compose/-/koa-compose-3.2.1.tgz#a85ccb40b7d986d8e5a345b3a1ace8eabcf54de7"
  dependencies:
    any-promise "^1.1.0"

koa-compose@^4.0.0:
  version "4.0.0"
  resolved "https://registry.npmjs.org/koa-compose/-/koa-compose-4.0.0.tgz#2800a513d9c361ef0d63852b038e4f6f2d5a773c"

koa-convert@^1.2.0:
  version "1.2.0"
  resolved "https://registry.npmjs.org/koa-convert/-/koa-convert-1.2.0.tgz#da40875df49de0539098d1700b50820cebcd21d0"
  dependencies:
    co "^4.6.0"
    koa-compose "^3.0.0"

koa-is-json@^1.0.0:
  version "1.0.0"
  resolved "https://registry.npmjs.org/koa-is-json/-/koa-is-json-1.0.0.tgz#273c07edcdcb8df6a2c1ab7d59ee76491451ec14"

koa@^2.5.1:
  version "2.5.1"
  resolved "https://registry.npmjs.org/koa/-/koa-2.5.1.tgz#79f8b95f8d72d04fe9a58a8da5ebd6d341103f9c"
  dependencies:
    accepts "^1.2.2"
    content-disposition "~0.5.0"
    content-type "^1.0.0"
    cookies "~0.7.0"
    debug "*"
    delegates "^1.0.0"
    depd "^1.1.0"
    destroy "^1.0.3"
    error-inject "~1.0.0"
    escape-html "~1.0.1"
    fresh "^0.5.2"
    http-assert "^1.1.0"
    http-errors "^1.2.8"
    is-generator-function "^1.0.3"
    koa-compose "^4.0.0"
    koa-convert "^1.2.0"
    koa-is-json "^1.0.0"
    mime-types "^2.0.7"
    on-finished "^2.1.0"
    only "0.0.2"
    parseurl "^1.3.0"
    statuses "^1.2.0"
    type-is "^1.5.5"
    vary "^1.0.0"

lazy-cache@^1.0.3:
  version "1.0.4"
  resolved "https://registry.npmjs.org/lazy-cache/-/lazy-cache-1.0.4.tgz#a1d78fc3a50474cb80845d3b3b6e1da49a446e8e"

lodash@^4.17.4:
  version "4.17.10"
  resolved "https://registry.npmjs.org/lodash/-/lodash-4.17.10.tgz#1b7793cf7259ea38fb3661d4d38b3260af8ae4e7"

longest@^1.0.1:
  version "1.0.1"
  resolved "https://registry.npmjs.org/longest/-/longest-1.0.1.tgz#30a0b2da38f73770e8294a0d22e6625ed77d0097"

media-typer@0.3.0:
  version "0.3.0"
  resolved "https://registry.npmjs.org/media-typer/-/media-typer-0.3.0.tgz#8710d7af0aa626f8fffa1ce00168545263255748"

mime-db@~1.33.0:
  version "1.33.0"
  resolved "https://registry.npmjs.org/mime-db/-/mime-db-1.33.0.tgz#a3492050a5cb9b63450541e39d9788d2272783db"

mime-types@^2.0.7, mime-types@~2.1.18:
  version "2.1.18"
  resolved "https://registry.npmjs.org/mime-types/-/mime-types-2.1.18.tgz#6f323f60a83d11146f831ff11fd66e2fe5503bb8"
  dependencies:
    mime-db "~1.33.0"

ms@2.0.0:
  version "2.0.0"
  resolved "https://registry.npmjs.org/ms/-/ms-2.0.0.tgz#5608aeadfc00be6c2901df5f9861788de0d597c8"

negotiator@0.6.1:
  version "0.6.1"
  resolved "https://registry.npmjs.org/negotiator/-/negotiator-0.6.1.tgz#2b327184e8992101177b28563fb5e7102acd0ca9"

object-assign@^4.0.1, object-assign@^4.1.0:
  version "4.1.1"
  resolved "https://registry.npmjs.org/object-assign/-/object-assign-4.1.1.tgz#2109adc7965887cfc05cbbd442cac8bfbb360863"

on-finished@^2.1.0:
  version "2.3.0"
  resolved "https://registry.npmjs.org/on-finished/-/on-finished-2.3.0.tgz#20f1336481b083cd75337992a16971aa2d906947"
  dependencies:
    ee-first "1.1.1"

only@0.0.2:
  version "0.0.2"
  resolved "https://registry.npmjs.org/only/-/only-0.0.2.tgz#2afde84d03e50b9a8edc444e30610a70295edfb4"

parseurl@^1.3.0:
  version "1.3.2"
  resolved "https://registry.npmjs.org/parseurl/-/parseurl-1.3.2.tgz#fc289d4ed8993119460c156253262cdc8de65bf3"

path-parse@^1.0.5:
  version "1.0.5"
  resolved "https://registry.npmjs.org/path-parse/-/path-parse-1.0.5.tgz#3c1adf871ea9cd6c9431b6ea2bd74a0ff055c4c1"

promise@^7.0.1:
  version "7.3.1"
  resolved "https://registry.npmjs.org/promise/-/promise-7.3.1.tgz#064b72602b18f90f29192b8b1bc418ffd1ebd3bf"
  dependencies:
    asap "~2.0.3"

pug-attrs@^2.0.3:
  version "2.0.3"
  resolved "https://registry.npmjs.org/pug-attrs/-/pug-attrs-2.0.3.tgz#a3095f970e64151f7bdad957eef55fb5d7905d15"
  dependencies:
    constantinople "^3.0.1"
    js-stringify "^1.0.1"
    pug-runtime "^2.0.4"

pug-code-gen@^2.0.1:
  version "2.0.1"
  resolved "https://registry.npmjs.org/pug-code-gen/-/pug-code-gen-2.0.1.tgz#0951ec83225d74d8cfc476a7f99a259b5f7d050c"
  dependencies:
    constantinople "^3.0.1"
    doctypes "^1.1.0"
    js-stringify "^1.0.1"
    pug-attrs "^2.0.3"
    pug-error "^1.3.2"
    pug-runtime "^2.0.4"
    void-elements "^2.0.1"
    with "^5.0.0"

pug-error@^1.3.2:
  version "1.3.2"
  resolved "https://registry.npmjs.org/pug-error/-/pug-error-1.3.2.tgz#53ae7d9d29bb03cf564493a026109f54c47f5f26"

pug-filters@^3.1.0:
  version "3.1.0"
  resolved "https://registry.npmjs.org/pug-filters/-/pug-filters-3.1.0.tgz#27165555bc04c236e4aa2b0366246dfa021b626e"
  dependencies:
    clean-css "^4.1.11"
    constantinople "^3.0.1"
    jstransformer "1.0.0"
    pug-error "^1.3.2"
    pug-walk "^1.1.7"
    resolve "^1.1.6"
    uglify-js "^2.6.1"

pug-lexer@^4.0.0:
  version "4.0.0"
  resolved "https://registry.npmjs.org/pug-lexer/-/pug-lexer-4.0.0.tgz#210c18457ef2e1760242740c5e647bd794cec278"
  dependencies:
    character-parser "^2.1.1"
    is-expression "^3.0.0"
    pug-error "^1.3.2"

pug-linker@^3.0.5:
  version "3.0.5"
  resolved "https://registry.npmjs.org/pug-linker/-/pug-linker-3.0.5.tgz#9e9a7ae4005682d027deeb96b000f88eeb83a02f"
  dependencies:
    pug-error "^1.3.2"
    pug-walk "^1.1.7"

pug-load@^2.0.11:
  version "2.0.11"
  resolved "https://registry.npmjs.org/pug-load/-/pug-load-2.0.11.tgz#e648e57ed113fe2c1f45d57858ea2bad6bc01527"
  dependencies:
    object-assign "^4.1.0"
    pug-walk "^1.1.7"

pug-parser@^5.0.0:
  version "5.0.0"
  resolved "https://registry.npmjs.org/pug-parser/-/pug-parser-5.0.0.tgz#e394ad9b3fca93123940aff885c06e44ab7e68e4"
  dependencies:
    pug-error "^1.3.2"
    token-stream "0.0.1"

pug-runtime@^2.0.4:
  version "2.0.4"
  resolved "https://registry.npmjs.org/pug-runtime/-/pug-runtime-2.0.4.tgz#e178e1bda68ab2e8c0acfc9bced2c54fd88ceb58"

pug-strip-comments@^1.0.3:
  version "1.0.3"
  resolved "https://registry.npmjs.org/pug-strip-comments/-/pug-strip-comments-1.0.3.tgz#f1559592206edc6f85310dacf4afb48a025af59f"
  dependencies:
    pug-error "^1.3.2"

pug-walk@^1.1.7:
  version "1.1.7"
  resolved "https://registry.npmjs.org/pug-walk/-/pug-walk-1.1.7.tgz#c00d5c5128bac5806bec15d2b7e7cdabe42531f3"

pug@^2.0.3:
  version "2.0.3"
  resolved "https://registry.npmjs.org/pug/-/pug-2.0.3.tgz#71cba82537c95a5eab7ed04696e4221f53aa878e"
  dependencies:
    pug-code-gen "^2.0.1"
    pug-filters "^3.1.0"
    pug-lexer "^4.0.0"
    pug-linker "^3.0.5"
    pug-load "^2.0.11"
    pug-parser "^5.0.0"
    pug-runtime "^2.0.4"
    pug-strip-comments "^1.0.3"

regenerator-runtime@^0.11.0:
  version "0.11.1"
  resolved "https://registry.npmjs.org/regenerator-runtime/-/regenerator-runtime-0.11.1.tgz#be05ad7f9bf7d22e056f9726cee5017fbf19e2e9"

repeat-string@^1.5.2:
  version "1.6.1"
  resolved "https://registry.npmjs.org/repeat-string/-/repeat-string-1.6.1.tgz#8dcae470e1c88abc2d600fff4a776286da75e637"

resolve@^1.1.6:
  version "1.7.1"
  resolved "https://registry.npmjs.org/resolve/-/resolve-1.7.1.tgz#aadd656374fd298aee895bc026b8297418677fd3"
  dependencies:
    path-parse "^1.0.5"

right-align@^0.1.1:
  version "0.1.3"
  resolved "https://registry.npmjs.org/right-align/-/right-align-0.1.3.tgz#61339b722fe6a3515689210d24e14c96148613ef"
  dependencies:
    align-text "^0.1.1"

setprototypeof@1.1.0:
  version "1.1.0"
  resolved "https://registry.npmjs.org/setprototypeof/-/setprototypeof-1.1.0.tgz#d0bd85536887b6fe7c0d818cb962d9d91c54e656"

source-map@0.5.x, source-map@~0.5.1:
  version "0.5.7"
  resolved "https://registry.npmjs.org/source-map/-/source-map-0.5.7.tgz#8a039d2d1021d22d1ea14c80d8ea468ba2ef3fcc"

"statuses@>= 1.4.0 < 2", statuses@^1.2.0:
  version "1.5.0"
  resolved "https://registry.npmjs.org/statuses/-/statuses-1.5.0.tgz#161c7dac177659fd9811f43771fa99381478628c"

to-fast-properties@^1.0.3:
  version "1.0.3"
  resolved "https://registry.npmjs.org/to-fast-properties/-/to-fast-properties-1.0.3.tgz#b83571fa4d8c25b82e231b06e3a3055de4ca1a47"

token-stream@0.0.1:
  version "0.0.1"
  resolved "https://registry.npmjs.org/token-stream/-/token-stream-0.0.1.tgz#ceeefc717a76c4316f126d0b9dbaa55d7e7df01a"

type-is@^1.5.5:
  version "1.6.16"
  resolved "https://registry.npmjs.org/type-is/-/type-is-1.6.16.tgz#f89ce341541c672b25ee7ae3c73dee3b2be50194"
  dependencies:
    media-typer "0.3.0"
    mime-types "~2.1.18"

uglify-js@^2.6.1:
  version "2.8.29"
  resolved "https://registry.npmjs.org/uglify-js/-/uglify-js-2.8.29.tgz#29c5733148057bb4e1f75df35b7a9cb72e6a59dd"
  dependencies:
    source-map "~0.5.1"
    yargs "~3.10.0"
  optionalDependencies:
    uglify-to-browserify "~1.0.0"

uglify-to-browserify@~1.0.0:
  version "1.0.2"
  resolved "https://registry.npmjs.org/uglify-to-browserify/-/uglify-to-browserify-1.0.2.tgz#6e0924d6bda6b5afe349e39a6d632850a0f882b7"

vary@^1.0.0:
  version "1.1.2"
  resolved "https://registry.npmjs.org/vary/-/vary-1.1.2.tgz#2299f02c6ded30d4a5961b0b9f74524a18f634fc"

void-elements@^2.0.1:
  version "2.0.1"
  resolved "https://registry.npmjs.org/void-elements/-/void-elements-2.0.1.tgz#c066afb582bb1cb4128d60ea92392e94d5e9dbec"

window-size@0.1.0:
  version "0.1.0"
  resolved "https://registry.npmjs.org/window-size/-/window-size-0.1.0.tgz#5438cd2ea93b202efa3a19fe8887aee7c94f9c9d"

with@^5.0.0:
  version "5.1.1"
  resolved "https://registry.npmjs.org/with/-/with-5.1.1.tgz#fa4daa92daf32c4ea94ed453c81f04686b575dfe"
  dependencies:
    acorn "^3.1.0"
    acorn-globals "^3.0.0"

wordwrap@0.0.2:
  version "0.0.2"
  resolved "https://registry.npmjs.org/wordwrap/-/wordwrap-0.0.2.tgz#b79669bb42ecb409f83d583cad52ca17eaa1643f"

yargs@~3.10.0:
  version "3.10.0"
  resolved "https://registry.npmjs.org/yargs/-/yargs-3.10.0.tgz#f7ee7bd857dd7c1d2d38c0e74efbd681d1431fd1"
  dependencies:
    camelcase "^1.0.2"
    cliui "^2.1.0"
    decamelize "^1.0.0"
    window-size "0.1.0"
